{
  "name": "barnyard-scraps",
  "version": "1.0.0",
  "lockfileVersion": 2,
  "requires": true,
  "packages": {
    "": {
      "name": "barnyard-scraps",
      "version": "1.0.0",
      "license": "ISC",
      "dependencies": {
        "@quenty/maid": "^2.4.0"
      },
      "devDependencies": {
        "nevermore": "^1.0.1"
      }
    },
    "node_modules/@quenty/maid": {
      "version": "2.4.0",
      "resolved": "https://registry.npmjs.org/@quenty/maid/-/maid-2.4.0.tgz",
      "integrity": "sha512-b8DsrMx0G19K6vknAK6OdIwTwVQnpZdiNU8wefoYb1SUS+GwxKiIEkHy1YB0a8GYuwgFZkKuFqkbD667C7tuXg==",
      "funding": {
        "type": "patreon",
        "url": "https://www.patreon.com/quenty"
      }
    },
    "node_modules/nevermore": {
      "version": "1.0.1",
      "resolved": "https://registry.npmjs.org/nevermore/-/nevermore-1.0.1.tgz",
      "integrity": "sha512-ovUz+7aqG3ytEju9r1Fz/xYuDrN62wkTcF2aVB39Oh/FTabEJWuDbvNiPBWVm/SPF/CN6FFzXdZc/OS7qLh0Zg==",
      "dev": true
    }
  },
  "dependencies": {
    "@quenty/maid": {
      "version": "2.4.0",
      "resolved": "https://registry.npmjs.org/@quenty/maid/-/maid-2.4.0.tgz",
      "integrity": "sha512-b8DsrMx0G19K6vknAK6OdIwTwVQnpZdiNU8wefoYb1SUS+GwxKiIEkHy1YB0a8GYuwgFZkKuFqkbD667C7tuXg=="
    },
    "nevermore": {
      "version": "1.0.1",
      "resolved": "https://registry.npmjs.org/nevermore/-/nevermore-1.0.1.tgz",
      "integrity": "sha512-ovUz+7aqG3ytEju9r1Fz/xYuDrN62wkTcF2aVB39Oh/FTabEJWuDbvNiPBWVm/SPF/CN6FFzXdZc/OS7qLh0Zg==",
      "dev": true
    }
  }
}
